
Microsoft Visual Studio Solution File, Format Version 12.00
# Visual Studio Version 17
VisualStudioVersion = 17.10.35027.167
MinimumVisualStudioVersion = 10.0.40219.1
Project("{FAE04EC0-301F-11D3-BF4B-00C04F79EFBC}") = "Museu_do_Expedicionário", "Museu_do_Expedicionário.csproj", "{FD51D0DA-9284-4E75-AD3A-7CF5B620699B}"
EndProject
Global
	GlobalSection(SolutionConfigurationPlatforms) = preSolution
		Debug|Any CPU = Debug|Any CPU
		Release|Any CPU = Release|Any CPU
	EndGlobalSection
	GlobalSection(ProjectConfigurationPlatforms) = postSolution
		{FD51D0DA-9284-4E75-AD3A-7CF5B620699B}.Debug|Any CPU.ActiveCfg = Debug|Any CPU
		{FD51D0DA-9284-4E75-AD3A-7CF5B620699B}.Debug|Any CPU.Build.0 = Debug|Any CPU
		{FD51D0DA-9284-4E75-AD3A-7CF5B620699B}.Release|Any CPU.ActiveCfg = Release|Any CPU
		{FD51D0DA-9284-4E75-AD3A-7CF5B620699B}.Release|Any CPU.Build.0 = Release|Any CPU
	EndGlobalSection
	GlobalSection(SolutionProperties) = preSolution
		HideSolutionNode = FALSE
	EndGlobalSection
	GlobalSection(ExtensibilityGlobals) = postSolution
		SolutionGuid = {B3EC5128-9129-4A9D-993C-25943A03014E}
	EndGlobalSection
EndGlobal
